{"is_source_file": false, "format": "", "description": "", "external_files": [], "external_methods": [], "published": [], "classes": [], "methods": [], "calls": [], "search-terms": [], "state": 2, "file_id": 38, "knowledge_revision": 98, "git_revision": "bf2770a6cf1b0089619ca80daddd95df0d7bded1", "hash": "e9b4c3b42cef0193b7fddb548d37e652", "format-version": 4, "code-base-name": "default", "filename": "creatorhub_frontend/post_process_status.lock", "revision_history": [{"98": "bf2770a6cf1b0089619ca80daddd95df0d7bded1"}]}